
Microsoft Visual Studio Solution File, Format Version 12.00
# Visual Studio Version 17
VisualStudioVersion = 17.8.34316.72
MinimumVisualStudioVersion = 10.0.40219.1
Project("{FAE04EC0-301F-11D3-BF4B-00C04F79EFBC}") = "ЛР15_1", "ЛР15_1.csproj", "{D6571164-83C5-451B-827F-E59F622A32B0}"
EndProject
Global
	GlobalSection(SolutionConfigurationPlatforms) = preSolution
		Debug|Any CPU = Debug|Any CPU
		Release|Any CPU = Release|Any CPU
	EndGlobalSection
	GlobalSection(ProjectConfigurationPlatforms) = postSolution
		{D6571164-83C5-451B-827F-E59F622A32B0}.Debug|Any CPU.ActiveCfg = Debug|Any CPU
		{D6571164-83C5-451B-827F-E59F622A32B0}.Debug|Any CPU.Build.0 = Debug|Any CPU
		{D6571164-83C5-451B-827F-E59F622A32B0}.Release|Any CPU.ActiveCfg = Release|Any CPU
		{D6571164-83C5-451B-827F-E59F622A32B0}.Release|Any CPU.Build.0 = Release|Any CPU
	EndGlobalSection
	GlobalSection(SolutionProperties) = preSolution
		HideSolutionNode = FALSE
	EndGlobalSection
	GlobalSection(ExtensibilityGlobals) = postSolution
		SolutionGuid = {504AA8F2-E286-4761-AA3D-55AB41EE33B9}
	EndGlobalSection
EndGlobal
